
Microsoft Visual Studio Solution File, Format Version 12.00
# Visual Studio Version 17
VisualStudioVersion = 17.7.34024.191
MinimumVisualStudioVersion = 10.0.40219.1
Project("{FAE04EC0-301F-11D3-BF4B-00C04F79EFBC}") = "ДЗ13", "ДЗ13\ДЗ13.csproj", "{D99AF342-F1D5-454D-A784-15DA8C18F84E}"
EndProject
Global
	GlobalSection(SolutionConfigurationPlatforms) = preSolution
		Debug|Any CPU = Debug|Any CPU
		Release|Any CPU = Release|Any CPU
	EndGlobalSection
	GlobalSection(ProjectConfigurationPlatforms) = postSolution
		{D99AF342-F1D5-454D-A784-15DA8C18F84E}.Debug|Any CPU.ActiveCfg = Debug|Any CPU
		{D99AF342-F1D5-454D-A784-15DA8C18F84E}.Debug|Any CPU.Build.0 = Debug|Any CPU
		{D99AF342-F1D5-454D-A784-15DA8C18F84E}.Release|Any CPU.ActiveCfg = Release|Any CPU
		{D99AF342-F1D5-454D-A784-15DA8C18F84E}.Release|Any CPU.Build.0 = Release|Any CPU
	EndGlobalSection
	GlobalSection(SolutionProperties) = preSolution
		HideSolutionNode = FALSE
	EndGlobalSection
	GlobalSection(ExtensibilityGlobals) = postSolution
		SolutionGuid = {BC464A72-5701-4AB4-9D1B-77818BBDA8EF}
	EndGlobalSection
EndGlobal
